// !$*UTF8*$!
{
	archiveVersion = 1;
	classes = {
	};
	objectVersion = 56;
	objects = {

/* Begin PBXBuildFile section */
		3750943029E3C3A300BC795D /* Quiz4App.swift in Sources */ = {isa = PBXBuildFile; fileRef = 3750942F29E3C3A300BC795D /* Quiz4App.swift */; };
		3750943229E3C3A300BC795D /* ContentView.swift in Sources */ = {isa = PBXBuildFile; fileRef = 3750943129E3C3A300BC795D /* ContentView.swift */; };
		3750943429E3C3A400BC795D /* Assets.xcassets in Resources */ = {isa = PBXBuildFile; fileRef = 3750943329E3C3A400BC795D /* Assets.xcassets */; };
		3750943729E3C3A400BC795D /* Preview Assets.xcassets in Resources */ = {isa = PBXBuildFile; fileRef = 3750943629E3C3A400BC795D /* Preview Assets.xcassets */; };
		37B36A6B29E463EB0097B7B7 /* OpenAIImageGenerator.swift in Sources */ = {isa = PBXBuildFile; fileRef = 37B36A6A29E463EB0097B7B7 /* OpenAIImageGenerator.swift */; };
		37B36A6D29E474B90097B7B7 /* TextCompletion.swift in Sources */ = {isa = PBXBuildFile; fileRef = 37B36A6C29E474B90097B7B7 /* TextCompletion.swift */; };
		37B36A6F29E475D90097B7B7 /* SentimentAnalysis.swift in Sources */ = {isa = PBXBuildFile; fileRef = 37B36A6E29E475D90097B7B7 /* SentimentAnalysis.swift */; };
/* End PBXBuildFile section */

/* Begin PBXFileReference section */
		3750942C29E3C3A300BC795D /* Quiz4.app */ = {isa = PBXFileReference; explicitFileType = wrapper.application; includeInIndex = 0; path = Quiz4.app; sourceTree = BUILT_PRODUCTS_DIR; };
		3750942F29E3C3A300BC795D /* Quiz4App.swift */ = {isa = PBXFileReference; lastKnownFileType = sourcecode.swift; path = Quiz4App.swift; sourceTree = "<group>"; };
		3750943129E3C3A300BC795D /* ContentView.swift */ = {isa = PBXFileReference; lastKnownFileType = sourcecode.swift; path = ContentView.swift; sourceTree = "<group>"; };
		3750943329E3C3A400BC795D /* Assets.xcassets */ = {isa = PBXFileReference; lastKnownFileType = folder.assetcatalog; path = Assets.xcassets; sourceTree = "<group>"; };
		3750943629E3C3A400BC795D /* Preview Assets.xcassets */ = {isa = PBXFileReference; lastKnownFileType = folder.assetcatalog; path = "Preview Assets.xcassets"; sourceTree = "<group>"; };
		37B36A6A29E463EB0097B7B7 /* OpenAIImageGenerator.swift */ = {isa = PBXFileReference; lastKnownFileType = sourcecode.swift; path = OpenAIImageGenerator.swift; sourceTree = "<group>"; };
		37B36A6C29E474B90097B7B7 /* TextCompletion.swift */ = {isa = PBXFileReference; lastKnownFileType = sourcecode.swift; path = TextCompletion.swift; sourceTree = "<group>"; };
		37B36A6E29E475D90097B7B7 /* SentimentAnalysis.swift */ = {isa = PBXFileReference; lastKnownFileType = sourcecode.swift; path = SentimentAnalysis.swift; sourceTree = "<group>"; };
/* End PBXFileReference section */

/* Begin PBXFrameworksBuildPhase section */
		3750942929E3C3A300BC795D /* Frameworks */ = {
			isa = PBXFrameworksBuildPhase;
			buildActionMask = 2147483647;
			files = (
			);
			runOnlyForDeploymentPostprocessing = 0;
		};
/* End PBXFrameworksBuildPhase section */

/* Begin PBXGroup section */
		3750942329E3C3A300BC795D = {
			isa = PBXGroup;
			children = (
				3750942E29E3C3A300BC795D /* Quiz4 */,
				3750942D29E3C3A300BC795D /* Products */,
			);
			sourceTree = "<group>";
		};
		3750942D29E3C3A300BC795D /* Products */ = {
			isa = PBXGroup;
			children = (
				3750942C29E3C3A300BC795D /* Quiz4.app */,
			);
			name = Products;
			sourceTree = "<group>";
		};
		3750942E29E3C3A300BC795D /* Quiz4 */ = {
			isa = PBXGroup;
			children = (
				3750942F29E3C3A300BC795D /* Quiz4App.swift */,
				3750943129E3C3A300BC795D /* ContentView.swift */,
				37B36A6E29E475D90097B7B7 /* SentimentAnalysis.swift */,
				37B36A6C29E474B90097B7B7 /* TextCompletion.swift */,
				37B36A6A29E463EB0097B7B7 /* OpenAIImageGenerator.swift */,
				3750943329E3C3A400BC795D /* Assets.xcassets */,
				3750943529E3C3A400BC795D /* Preview Content */,
			);
			path = Quiz4;
			sourceTree = "<group>";
		};
		3750943529E3C3A400BC795D /* Preview Content */ = {
			isa = PBXGroup;
			children = (
				3750943629E3C3A400BC795D /* Preview Assets.xcassets */,
			);
			path = "Preview Content";
			sourceTree = "<group>";
		};
/* End PBXGroup section */

/* Begin PBXNativeTarget section */
		3750942B29E3C3A300BC795D /* Quiz4 */ = {
			isa = PBXNativeTarget;
			buildConfigurationList = 3750943A29E3C3A400BC795D /* Build configuration list for PBXNativeTarget "Quiz4" */;
			buildPhases = (
				3750942829E3C3A300BC795D /* Sources */,
				3750942929E3C3A300BC795D /* Frameworks */,
				3750942A29E3C3A300BC795D /* Resources */,
			);
			buildRules = (
			);
			dependencies = (
			);
			name = Quiz4;
			productName = Quiz4;
			productReference = 3750942C29E3C3A300BC795D /* Quiz4.app */;
			productType = "com.apple.product-type.application";
		};
/* End PBXNativeTarget section */

/* Begin PBXProject section */
		3750942429E3C3A300BC795D /* Project object */ = {
			isa = PBXProject;
			attributes = {
				BuildIndependentTargetsInParallel = 1;
				LastSwiftUpdateCheck = 1420;
				LastUpgradeCheck = 1420;
				TargetAttributes = {
					3750942B29E3C3A300BC795D = {
						CreatedOnToolsVersion = 14.2;
					};
				};
			};
			buildConfigurationList = 3750942729E3C3A300BC795D /* Build configuration list for PBXProject "Quiz4" */;
			compatibilityVersion = "Xcode 14.0";
			developmentRegion = en;
			hasScannedForEncodings = 0;
			knownRegions = (
				en,
				Base,
			);
			mainGroup = 3750942329E3C3A300BC795D;
			productRefGroup = 3750942D29E3C3A300BC795D /* Products */;
			projectDirPath = "";
			projectRoot = "";
			targets = (
				3750942B29E3C3A300BC795D /* Quiz4 */,
			);
		};
/* End PBXProject section */

/* Begin PBXResourcesBuildPhase section */
		3750942A29E3C3A300BC795D /* Resources */ = {
			isa = PBXResourcesBuildPhase;
			buildActionMask = 2147483647;
			files = (
				3750943729E3C3A400BC795D /* Preview Assets.xcassets in Resources */,
				3750943429E3C3A400BC795D /* Assets.xcassets in Resources */,
			);
			runOnlyForDeploymentPostprocessing = 0;
		};
/* End PBXResourcesBuildPhase section */

/* Begin PBXSourcesBuildPhase section */
		3750942829E3C3A300BC795D /* Sources */ = {
			isa = PBXSourcesBuildPhase;
			buildActionMask = 2147483647;
			files = (
				3750943229E3C3A300BC795D /* ContentView.swift in Sources */,
				3750943029E3C3A300BC795D /* Quiz4App.swift in Sources */,
				37B36A6D29E474B90097B7B7 /* TextCompletion.swift in Sources */,
				37B36A6F29E475D90097B7B7 /* SentimentAnalysis.swift in Sources */,
				37B36A6B29E463EB0097B7B7 /* OpenAIImageGenerator.swift in Sources */,
			);
			runOnlyForDeploymentPostprocessing = 0;
		};
/* End PBXSourcesBuildPhase section */

/* Begin XCBuildConfiguration section */
		3750943829E3C3A400BC795D /* Debug */ = {
			isa = XCBuildConfiguration;
			buildSettings = {
				ALWAYS_SEARCH_USER_PATHS = NO;
				CLANG_ANALYZER_NONNULL = YES;
				CLANG_ANALYZER_NUMBER_OBJECT_CONVERSION = YES_AGGRESSIVE;
				CLANG_CXX_LANGUAGE_STANDARD = "gnu++20";
				CLANG_ENABLE_MODULES = YES;
				CLANG_ENABLE_OBJC_ARC = YES;
				CLANG_ENABLE_OBJC_WEAK = YES;
				CLANG_WARN_BLOCK_CAPTURE_AUTORELEASING = YES;
				CLANG_WARN_BOOL_CONVERSION = YES;
				CLANG_WARN_COMMA = YES;
				CLANG_WARN_CONSTANT_CONVERSION = YES;
				CLANG_WARN_DEPRECATED_OBJC_IMPLEMENTATIONS = YES;
				CLANG_WARN_DIRECT_OBJC_ISA_USAGE = YES_ERROR;
				CLANG_WARN_DOCUMENTATION_COMMENTS = YES;
				CLANG_WARN_EMPTY_BODY = YES;
				CLANG_WARN_ENUM_CONVERSION = YES;
				CLANG_WARN_INFINITE_RECURSION = YES;
				CLANG_WARN_INT_CONVERSION = YES;
				CLANG_WARN_NON_LITERAL_NULL_CONVERSION = YES;
				CLANG_WARN_OBJC_IMPLICIT_RETAIN_SELF = YES;
				CLANG_WARN_OBJC_LITERAL_CONVERSION = YES;
				CLANG_WARN_OBJC_ROOT_CLASS = YES_ERROR;
				CLANG_WARN_QUOTED_INCLUDE_IN_FRAMEWORK_HEADER = YES;
				CLANG_WARN_RANGE_LOOP_ANALYSIS = YES;
				CLANG_WARN_STRICT_PROTOTYPES = YES;
				CLANG_WARN_SUSPICIOUS_MOVE = YES;
				CLANG_WARN_UNGUARDED_AVAILABILITY = YES_AGGRESSIVE;
				CLANG_WARN_UNREACHABLE_CODE = YES;
				CLANG_WARN__DUPLICATE_METHOD_MATCH = YES;
				COPY_PHASE_STRIP = NO;
				DEBUG_INFORMATION_FORMAT = dwarf;
				ENABLE_STRICT_OBJC_MSGSEND = YES;
				ENABLE_TESTABILITY = YES;
				GCC_C_LANGUAGE_STANDARD = gnu11;
				GCC_DYNAMIC_NO_PIC = NO;
				GCC_NO_COMMON_BLOCKS = YES;
				GCC_OPTIMIZATION_LEVEL = 0;
				GCC_PREPROCESSOR_DEFINITIONS = (
					"DEBUG=1",
					"$(inherited)",
				);
				GCC_WARN_64_TO_32_BIT_CONVERSION = YES;
				GCC_WARN_ABOUT_RETURN_TYPE = YES_ERROR;
				GCC_WARN_UNDECLARED_SELECTOR = YES;
				GCC_WARN_UNINITIALIZED_AUTOS = YES_AGGRESSIVE;
				GCC_WARN_UNUSED_FUNCTION = YES;
				GCC_WARN_UNUSED_VARIABLE = YES;
				IPHONEOS_DEPLOYMENT_TARGET = 16.2;
				MTL_ENABLE_DEBUG_INFO = INCLUDE_SOURCE;
				MTL_FAST_MATH = YES;
				ONLY_ACTIVE_ARCH = YES;
				SDKROOT = iphoneos;
				SWIFT_ACTIVE_COMPILATION_CONDITIONS = DEBUG;
				SWIFT_OPTIMIZATION_LEVEL = "-Onone";
			};
			name = Debug;
		};
		3750943929E3C3A400BC795D /* Release */ = {
			isa = XCBuildConfiguration;
			buildSettings = {
				ALWAYS_SEARCH_USER_PATHS = NO;
				CLANG_ANALYZER_NONNULL = YES;
				CLANG_ANALYZER_NUMBER_OBJECT_CONVERSION = YES_AGGRESSIVE;
				CLANG_CXX_LANGUAGE_STANDARD = "gnu++20";
				CLANG_ENABLE_MODULES = YES;
				CLANG_ENABLE_OBJC_ARC = YES;
				CLANG_ENABLE_OBJC_WEAK = YES;
				CLANG_WARN_BLOCK_CAPTURE_AUTORELEASING = YES;
				CLANG_WARN_BOOL_CONVERSION = YES;
				CLANG_WARN_COMMA = YES;
				CLANG_WARN_CONSTANT_CONVERSION = YES;
				CLANG_WARN_DEPRECATED_OBJC_IMPLEMENTATIONS = YES;
				CLANG_WARN_DIRECT_OBJC_ISA_USAGE = YES_ERROR;
				CLANG_WARN_DOCUMENTATION_COMMENTS = YES;
				CLANG_WARN_EMPTY_BODY = YES;
				CLANG_WARN_ENUM_CONVERSION = YES;
				CLANG_WARN_INFINITE_RECURSION = YES;
				CLANG_WARN_INT_CONVERSION = YES;
				CLANG_WARN_NON_LITERAL_NULL_CONVERSION = YES;
				CLANG_WARN_OBJC_IMPLICIT_RETAIN_SELF = YES;
				CLANG_WARN_OBJC_LITERAL_CONVERSION = YES;
				CLANG_WARN_OBJC_ROOT_CLASS = YES_ERROR;
				CLANG_WARN_QUOTED_INCLUDE_IN_FRAMEWORK_HEADER = YES;
				CLANG_WARN_RANGE_LOOP_ANALYSIS = YES;
				CLANG_WARN_STRICT_PROTOTYPES = YES;
				CLANG_WARN_SUSPICIOUS_MOVE = YES;
				CLANG_WARN_UNGUARDED_AVAILABILITY = YES_AGGRESSIVE;
				CLANG_WARN_UNREACHABLE_CODE = YES;
				CLANG_WARN__DUPLICATE_METHOD_MATCH = YES;
				COPY_PHASE_STRIP = NO;
				DEBUG_INFORMATION_FORMAT = "dwarf-with-dsym";
				ENABLE_NS_ASSERTIONS = NO;
				ENABLE_STRICT_OBJC_MSGSEND = YES;
				GCC_C_LANGUAGE_STANDARD = gnu11;
				GCC_NO_COMMON_BLOCKS = YES;
				GCC_WARN_64_TO_32_BIT_CONVERSION = YES;
				GCC_WARN_ABOUT_RETURN_TYPE = YES_ERROR;
				GCC_WARN_UNDECLARED_SELECTOR = YES;
				GCC_WARN_UNINITIALIZED_AUTOS = YES_AGGRESSIVE;
				GCC_WARN_UNUSED_FUNCTION = YES;
				GCC_WARN_UNUSED_VARIABLE = YES;
				IPHONEOS_DEPLOYMENT_TARGET = 16.2;
				MTL_ENABLE_DEBUG_INFO = NO;
				MTL_FAST_MATH = YES;
				SDKROOT = iphoneos;
				SWIFT_COMPILATION_MODE = wholemodule;
				SWIFT_OPTIMIZATION_LEVEL = "-O";
				VALIDATE_PRODUCT = YES;
			};
			name = Release;
		};
		3750943B29E3C3A400BC795D /* Debug */ = {
			isa = XCBuildConfiguration;
			buildSettings = {
				ASSETCATALOG_COMPILER_APPICON_NAME = AppIcon;
				ASSETCATALOG_COMPILER_GLOBAL_ACCENT_COLOR_NAME = AccentColor;
				CODE_SIGN_STYLE = Automatic;
				CURRENT_PROJECT_VERSION = 1;
				DEVELOPMENT_ASSET_PATHS = "\"Quiz4/Preview Content\"";
				ENABLE_PREVIEWS = YES;
				GENERATE_INFOPLIST_FILE = YES;
				INFOPLIST_KEY_UIApplicationSceneManifest_Generation = YES;
				INFOPLIST_KEY_UIApplicationSupportsIndirectInputEvents = YES;
				INFOPLIST_KEY_UILaunchScreen_Generation = YES;
				INFOPLIST_KEY_UISupportedInterfaceOrientations_iPad = "UIInterfaceOrientationPortrait UIInterfaceOrientationPortraitUpsideDown UIInterfaceOrientationLandscapeLeft UIInterfaceOrientationLandscapeRight";
				INFOPLIST_KEY_UISupportedInterfaceOrientations_iPhone = "UIInterfaceOrientationPortrait UIInterfaceOrientationLandscapeLeft UIInterfaceOrientationLandscapeRight";
				LD_RUNPATH_SEARCH_PATHS = (
					"$(inherited)",
					"@executable_path/Frameworks",
				);
				MARKETING_VERSION = 1.0;
				PRODUCT_BUNDLE_IDENTIFIER = practice.Quiz4;
				PRODUCT_NAME = "$(TARGET_NAME)";
				SWIFT_EMIT_LOC_STRINGS = YES;
				SWIFT_VERSION = 5.0;
				TARGETED_DEVICE_FAMILY = "1,2";
			};
			name = Debug;
		};
		3750943C29E3C3A400BC795D /* Release */ = {
			isa = XCBuildConfiguration;
			buildSettings = {
				ASSETCATALOG_COMPILER_APPICON_NAME = AppIcon;
				ASSETCATALOG_COMPILER_GLOBAL_ACCENT_COLOR_NAME = AccentColor;
				CODE_SIGN_STYLE = Automatic;
				CURRENT_PROJECT_VERSION = 1;
				DEVELOPMENT_ASSET_PATHS = "\"Quiz4/Preview Content\"";
				ENABLE_PREVIEWS = YES;
				GENERATE_INFOPLIST_FILE = YES;
				INFOPLIST_KEY_UIApplicationSceneManifest_Generation = YES;
				INFOPLIST_KEY_UIApplicationSupportsIndirectInputEvents = YES;
				INFOPLIST_KEY_UILaunchScreen_Generation = YES;
				INFOPLIST_KEY_UISupportedInterfaceOrientations_iPad = "UIInterfaceOrientationPortrait UIInterfaceOrientationPortraitUpsideDown UIInterfaceOrientationLandscapeLeft UIInterfaceOrientationLandscapeRight";
				INFOPLIST_KEY_UISupportedInterfaceOrientations_iPhone = "UIInterfaceOrientationPortrait UIInterfaceOrientationLandscapeLeft UIInterfaceOrientationLandscapeRight";
				LD_RUNPATH_SEARCH_PATHS = (
					"$(inherited)",
					"@executable_path/Frameworks",
				);
				MARKETING_VERSION = 1.0;
				PRODUCT_BUNDLE_IDENTIFIER = practice.Quiz4;
				PRODUCT_NAME = "$(TARGET_NAME)";
				SWIFT_EMIT_LOC_STRINGS = YES;
				SWIFT_VERSION = 5.0;
				TARGETED_DEVICE_FAMILY = "1,2";
			};
			name = Release;
		};
/* End XCBuildConfiguration section */

/* Begin XCConfigurationList section */
		3750942729E3C3A300BC795D /* Build configuration list for PBXProject "Quiz4" */ = {
			isa = XCConfigurationList;
			buildConfigurations = (
				3750943829E3C3A400BC795D /* Debug */,
				3750943929E3C3A400BC795D /* Release */,
			);
			defaultConfigurationIsVisible = 0;
			defaultConfigurationName = Release;
		};
		3750943A29E3C3A400BC795D /* Build configuration list for PBXNativeTarget "Quiz4" */ = {
			isa = XCConfigurationList;
			buildConfigurations = (
				3750943B29E3C3A400BC795D /* Debug */,
				3750943C29E3C3A400BC795D /* Release */,
			);
			defaultConfigurationIsVisible = 0;
			defaultConfigurationName = Release;
		};
/* End XCConfigurationList section */
	};
	rootObject = 3750942429E3C3A300BC795D /* Project object */;
}
